
Microsoft Visual Studio Solution File, Format Version 12.00
# Visual Studio Version 17
VisualStudioVersion = 17.6.33815.320
MinimumVisualStudioVersion = 10.0.40219.1
Project("{9A19103F-16F7-4668-BE54-9A1E7A4F7556}") = "Dify.Core.WebApi", "Dify.Core.WebApi\Dify.Core.WebApi.csproj", "{168C2AD8-B5C8-4ABE-985D-4F09FEDDBDB5}"
EndProject
Project("{FAE04EC0-301F-11D3-BF4B-00C04F79EFBC}") = "Dify.Core.Domain", "Dify.Core.Domain\Dify.Core.Domain.csproj", "{910FA83A-A4BA-42E3-AA95-18D0AC9B33BA}"
EndProject
Project("{FAE04EC0-301F-11D3-BF4B-00C04F79EFBC}") = "Dify.Core.Application", "Dify.Core.Application\Dify.Core.Application.csproj", "{2E0E1A67-CDEB-4A4B-B1F5-62D62F55D9E5}"
EndProject
Project("{FAE04EC0-301F-11D3-BF4B-00C04F79EFBC}") = "Dify.Core.Infrastructure", "Dify.Core.Infrastructure\Dify.Core.Infrastructure.csproj", "{382A38F9-A102-4408-BACA-306CF08FEF97}"
EndProject
Project("{FAE04EC0-301F-11D3-BF4B-00C04F79EFBC}") = "Dify.Common", "Dify.Common\Dify.Common.csproj", "{73B924DC-1226-48E5-A951-F0CDAE16CDFA}"
EndProject
Project("{FAE04EC0-301F-11D3-BF4B-00C04F79EFBC}") = "Dify.Entity", "Dify.Entity\Dify.Entity.csproj", "{9FD7E4A3-DDEA-403B-923A-2CEF7A3CAABF}"
EndProject
Project("{FAE04EC0-301F-11D3-BF4B-00C04F79EFBC}") = "Dify.Entity.WebApi", "Dify.Entity.WebApi\Dify.Entity.WebApi.csproj", "{A02A301D-7FA4-4BAE-A520-FA40EBFD11F6}"
EndProject
Global
	GlobalSection(SolutionConfigurationPlatforms) = preSolution
		Debug|Any CPU = Debug|Any CPU
		Release|Any CPU = Release|Any CPU
	EndGlobalSection
	GlobalSection(ProjectConfigurationPlatforms) = postSolution
		{168C2AD8-B5C8-4ABE-985D-4F09FEDDBDB5}.Debug|Any CPU.ActiveCfg = Debug|Any CPU
		{168C2AD8-B5C8-4ABE-985D-4F09FEDDBDB5}.Debug|Any CPU.Build.0 = Debug|Any CPU
		{168C2AD8-B5C8-4ABE-985D-4F09FEDDBDB5}.Release|Any CPU.ActiveCfg = Release|Any CPU
		{168C2AD8-B5C8-4ABE-985D-4F09FEDDBDB5}.Release|Any CPU.Build.0 = Release|Any CPU
		{910FA83A-A4BA-42E3-AA95-18D0AC9B33BA}.Debug|Any CPU.ActiveCfg = Debug|Any CPU
		{910FA83A-A4BA-42E3-AA95-18D0AC9B33BA}.Debug|Any CPU.Build.0 = Debug|Any CPU
		{910FA83A-A4BA-42E3-AA95-18D0AC9B33BA}.Release|Any CPU.ActiveCfg = Release|Any CPU
		{910FA83A-A4BA-42E3-AA95-18D0AC9B33BA}.Release|Any CPU.Build.0 = Release|Any CPU
		{2E0E1A67-CDEB-4A4B-B1F5-62D62F55D9E5}.Debug|Any CPU.ActiveCfg = Debug|Any CPU
		{2E0E1A67-CDEB-4A4B-B1F5-62D62F55D9E5}.Debug|Any CPU.Build.0 = Debug|Any CPU
		{2E0E1A67-CDEB-4A4B-B1F5-62D62F55D9E5}.Release|Any CPU.ActiveCfg = Release|Any CPU
		{2E0E1A67-CDEB-4A4B-B1F5-62D62F55D9E5}.Release|Any CPU.Build.0 = Release|Any CPU
		{382A38F9-A102-4408-BACA-306CF08FEF97}.Debug|Any CPU.ActiveCfg = Debug|Any CPU
		{382A38F9-A102-4408-BACA-306CF08FEF97}.Debug|Any CPU.Build.0 = Debug|Any CPU
		{382A38F9-A102-4408-BACA-306CF08FEF97}.Release|Any CPU.ActiveCfg = Release|Any CPU
		{382A38F9-A102-4408-BACA-306CF08FEF97}.Release|Any CPU.Build.0 = Release|Any CPU
		{73B924DC-1226-48E5-A951-F0CDAE16CDFA}.Debug|Any CPU.ActiveCfg = Debug|Any CPU
		{73B924DC-1226-48E5-A951-F0CDAE16CDFA}.Debug|Any CPU.Build.0 = Debug|Any CPU
		{73B924DC-1226-48E5-A951-F0CDAE16CDFA}.Release|Any CPU.ActiveCfg = Release|Any CPU
		{73B924DC-1226-48E5-A951-F0CDAE16CDFA}.Release|Any CPU.Build.0 = Release|Any CPU
		{9FD7E4A3-DDEA-403B-923A-2CEF7A3CAABF}.Debug|Any CPU.ActiveCfg = Debug|Any CPU
		{9FD7E4A3-DDEA-403B-923A-2CEF7A3CAABF}.Debug|Any CPU.Build.0 = Debug|Any CPU
		{9FD7E4A3-DDEA-403B-923A-2CEF7A3CAABF}.Release|Any CPU.ActiveCfg = Release|Any CPU
		{9FD7E4A3-DDEA-403B-923A-2CEF7A3CAABF}.Release|Any CPU.Build.0 = Release|Any CPU
		{A02A301D-7FA4-4BAE-A520-FA40EBFD11F6}.Debug|Any CPU.ActiveCfg = Debug|Any CPU
		{A02A301D-7FA4-4BAE-A520-FA40EBFD11F6}.Debug|Any CPU.Build.0 = Debug|Any CPU
		{A02A301D-7FA4-4BAE-A520-FA40EBFD11F6}.Release|Any CPU.ActiveCfg = Release|Any CPU
		{A02A301D-7FA4-4BAE-A520-FA40EBFD11F6}.Release|Any CPU.Build.0 = Release|Any CPU
	EndGlobalSection
	GlobalSection(SolutionProperties) = preSolution
		HideSolutionNode = FALSE
	EndGlobalSection
	GlobalSection(ExtensibilityGlobals) = postSolution
		SolutionGuid = {CA309784-DEEA-4A13-84CD-CC196E763C22}
	EndGlobalSection
EndGlobal
