
Microsoft Visual Studio Solution File, Format Version 12.00
Project("{2150E333-8FDC-42A3-9474-1A3956D46DE8}") = "API", "API", "{1D6DBCE8-42C7-4FCA-8DC6-74845CFDE95D}"
EndProject
Project("{2150E333-8FDC-42A3-9474-1A3956D46DE8}") = "Modules", "Modules", "{09C3A799-C13C-4E26-9A54-0E4B1DA8349C}"
EndProject
Project("{FAE04EC0-301F-11D3-BF4B-00C04F79EFBC}") = "DiFY.WebAPI", "API\DiFY.WebAPI\DiFY.WebAPI.csproj", "{8BD6FF0E-5E5E-4A2D-9C0F-8C8256A468A9}"
EndProject
Project("{2150E333-8FDC-42A3-9474-1A3956D46DE8}") = "BuildingBlocks", "BuildingBlocks", "{3A76E5DF-E05F-439D-8B2D-AC5732FBC912}"
EndProject
Project("{2150E333-8FDC-42A3-9474-1A3956D46DE8}") = "UserAccess", "UserAccess", "{42628CB0-CC47-4AD1-8425-1E330A296DD9}"
EndProject
Project("{FAE04EC0-301F-11D3-BF4B-00C04F79EFBC}") = "DiFY.Modules.UserAccess.Infrastructure", "Modules\UserAccess\DiFY.Modules.UserAccess.Infrastructure\DiFY.Modules.UserAccess.Infrastructure.csproj", "{B3CA7046-CF07-48A1-ACE7-8A1829DEE6E3}"
EndProject
Project("{FAE04EC0-301F-11D3-BF4B-00C04F79EFBC}") = "DiFY.BuildingBlocks.Infrastructure", "BuildingBlocks\DiFY.BuildingBlocks.Infrastructure\DiFY.BuildingBlocks.Infrastructure.csproj", "{DE23E5E4-D7D6-4459-A053-F926334A553A}"
EndProject
Project("{FAE04EC0-301F-11D3-BF4B-00C04F79EFBC}") = "DiFY.BuildingBlocks.Domain", "BuildingBlocks\DiFY.BuildingBlocks.Domain\DiFY.BuildingBlocks.Domain.csproj", "{2559ED17-6C6D-4FAD-88CF-C938AFBB297E}"
EndProject
Project("{FAE04EC0-301F-11D3-BF4B-00C04F79EFBC}") = "DiFY.BuildingBlocks.Application", "BuildingBlocks\DiFY.BuildingBlocks.Application\DiFY.BuildingBlocks.Application.csproj", "{4529F1E4-E167-499F-8DC9-CD45928FCC11}"
EndProject
Project("{FAE04EC0-301F-11D3-BF4B-00C04F79EFBC}") = "DiFY.Modules.UserAccess.Application", "Modules\UserAccess\DiFY.Modules.UserAccess.Application\DiFY.Modules.UserAccess.Application.csproj", "{9BD1DE9C-7405-4026-AE6B-0F6297300BC8}"
EndProject
Project("{FAE04EC0-301F-11D3-BF4B-00C04F79EFBC}") = "DiFY.Modules.UserAccess.Domain", "Modules\UserAccess\DiFY.Modules.UserAccess.Domain\DiFY.Modules.UserAccess.Domain.csproj", "{5DBB6D9E-AB8F-4117-A624-4DE635F2D39F}"
EndProject
Project("{FAE04EC0-301F-11D3-BF4B-00C04F79EFBC}") = "DiFY.BuildingBlocks.RabbitMQEventBus", "BuildingBlocks\DiFY.BuildingBlocks.RabbitMQEventBus\DiFY.BuildingBlocks.RabbitMQEventBus.csproj", "{A90E86A8-17F5-42AC-A855-9E4B053F3586}"
EndProject
Project("{FAE04EC0-301F-11D3-BF4B-00C04F79EFBC}") = "DiFY.Modules.UserAccess.IntegrationEvents", "Modules\UserAccess\DiFY.Modules.UserAccess.IntegrationEvents\DiFY.Modules.UserAccess.IntegrationEvents.csproj", "{BBBD742B-DCA6-4B5B-972C-F8BC76097FFC}"
EndProject
Global
	GlobalSection(SolutionConfigurationPlatforms) = preSolution
		Debug|Any CPU = Debug|Any CPU
		Release|Any CPU = Release|Any CPU
	EndGlobalSection
	GlobalSection(ProjectConfigurationPlatforms) = postSolution
		{8BD6FF0E-5E5E-4A2D-9C0F-8C8256A468A9}.Debug|Any CPU.ActiveCfg = Debug|Any CPU
		{8BD6FF0E-5E5E-4A2D-9C0F-8C8256A468A9}.Debug|Any CPU.Build.0 = Debug|Any CPU
		{8BD6FF0E-5E5E-4A2D-9C0F-8C8256A468A9}.Release|Any CPU.ActiveCfg = Release|Any CPU
		{8BD6FF0E-5E5E-4A2D-9C0F-8C8256A468A9}.Release|Any CPU.Build.0 = Release|Any CPU
		{B3CA7046-CF07-48A1-ACE7-8A1829DEE6E3}.Debug|Any CPU.ActiveCfg = Debug|Any CPU
		{B3CA7046-CF07-48A1-ACE7-8A1829DEE6E3}.Debug|Any CPU.Build.0 = Debug|Any CPU
		{B3CA7046-CF07-48A1-ACE7-8A1829DEE6E3}.Release|Any CPU.ActiveCfg = Release|Any CPU
		{B3CA7046-CF07-48A1-ACE7-8A1829DEE6E3}.Release|Any CPU.Build.0 = Release|Any CPU
		{DE23E5E4-D7D6-4459-A053-F926334A553A}.Debug|Any CPU.ActiveCfg = Debug|Any CPU
		{DE23E5E4-D7D6-4459-A053-F926334A553A}.Debug|Any CPU.Build.0 = Debug|Any CPU
		{DE23E5E4-D7D6-4459-A053-F926334A553A}.Release|Any CPU.ActiveCfg = Release|Any CPU
		{DE23E5E4-D7D6-4459-A053-F926334A553A}.Release|Any CPU.Build.0 = Release|Any CPU
		{2559ED17-6C6D-4FAD-88CF-C938AFBB297E}.Debug|Any CPU.ActiveCfg = Debug|Any CPU
		{2559ED17-6C6D-4FAD-88CF-C938AFBB297E}.Debug|Any CPU.Build.0 = Debug|Any CPU
		{2559ED17-6C6D-4FAD-88CF-C938AFBB297E}.Release|Any CPU.ActiveCfg = Release|Any CPU
		{2559ED17-6C6D-4FAD-88CF-C938AFBB297E}.Release|Any CPU.Build.0 = Release|Any CPU
		{4529F1E4-E167-499F-8DC9-CD45928FCC11}.Debug|Any CPU.ActiveCfg = Debug|Any CPU
		{4529F1E4-E167-499F-8DC9-CD45928FCC11}.Debug|Any CPU.Build.0 = Debug|Any CPU
		{4529F1E4-E167-499F-8DC9-CD45928FCC11}.Release|Any CPU.ActiveCfg = Release|Any CPU
		{4529F1E4-E167-499F-8DC9-CD45928FCC11}.Release|Any CPU.Build.0 = Release|Any CPU
		{9BD1DE9C-7405-4026-AE6B-0F6297300BC8}.Debug|Any CPU.ActiveCfg = Debug|Any CPU
		{9BD1DE9C-7405-4026-AE6B-0F6297300BC8}.Debug|Any CPU.Build.0 = Debug|Any CPU
		{9BD1DE9C-7405-4026-AE6B-0F6297300BC8}.Release|Any CPU.ActiveCfg = Release|Any CPU
		{9BD1DE9C-7405-4026-AE6B-0F6297300BC8}.Release|Any CPU.Build.0 = Release|Any CPU
		{5DBB6D9E-AB8F-4117-A624-4DE635F2D39F}.Debug|Any CPU.ActiveCfg = Debug|Any CPU
		{5DBB6D9E-AB8F-4117-A624-4DE635F2D39F}.Debug|Any CPU.Build.0 = Debug|Any CPU
		{5DBB6D9E-AB8F-4117-A624-4DE635F2D39F}.Release|Any CPU.ActiveCfg = Release|Any CPU
		{5DBB6D9E-AB8F-4117-A624-4DE635F2D39F}.Release|Any CPU.Build.0 = Release|Any CPU
		{A90E86A8-17F5-42AC-A855-9E4B053F3586}.Debug|Any CPU.ActiveCfg = Debug|Any CPU
		{A90E86A8-17F5-42AC-A855-9E4B053F3586}.Debug|Any CPU.Build.0 = Debug|Any CPU
		{A90E86A8-17F5-42AC-A855-9E4B053F3586}.Release|Any CPU.ActiveCfg = Release|Any CPU
		{A90E86A8-17F5-42AC-A855-9E4B053F3586}.Release|Any CPU.Build.0 = Release|Any CPU
		{BBBD742B-DCA6-4B5B-972C-F8BC76097FFC}.Debug|Any CPU.ActiveCfg = Debug|Any CPU
		{BBBD742B-DCA6-4B5B-972C-F8BC76097FFC}.Debug|Any CPU.Build.0 = Debug|Any CPU
		{BBBD742B-DCA6-4B5B-972C-F8BC76097FFC}.Release|Any CPU.ActiveCfg = Release|Any CPU
		{BBBD742B-DCA6-4B5B-972C-F8BC76097FFC}.Release|Any CPU.Build.0 = Release|Any CPU
	EndGlobalSection
	GlobalSection(NestedProjects) = preSolution
		{8BD6FF0E-5E5E-4A2D-9C0F-8C8256A468A9} = {1D6DBCE8-42C7-4FCA-8DC6-74845CFDE95D}
		{42628CB0-CC47-4AD1-8425-1E330A296DD9} = {09C3A799-C13C-4E26-9A54-0E4B1DA8349C}
		{B3CA7046-CF07-48A1-ACE7-8A1829DEE6E3} = {42628CB0-CC47-4AD1-8425-1E330A296DD9}
		{DE23E5E4-D7D6-4459-A053-F926334A553A} = {3A76E5DF-E05F-439D-8B2D-AC5732FBC912}
		{2559ED17-6C6D-4FAD-88CF-C938AFBB297E} = {3A76E5DF-E05F-439D-8B2D-AC5732FBC912}
		{4529F1E4-E167-499F-8DC9-CD45928FCC11} = {3A76E5DF-E05F-439D-8B2D-AC5732FBC912}
		{9BD1DE9C-7405-4026-AE6B-0F6297300BC8} = {42628CB0-CC47-4AD1-8425-1E330A296DD9}
		{5DBB6D9E-AB8F-4117-A624-4DE635F2D39F} = {42628CB0-CC47-4AD1-8425-1E330A296DD9}
		{A90E86A8-17F5-42AC-A855-9E4B053F3586} = {3A76E5DF-E05F-439D-8B2D-AC5732FBC912}
		{BBBD742B-DCA6-4B5B-972C-F8BC76097FFC} = {42628CB0-CC47-4AD1-8425-1E330A296DD9}
	EndGlobalSection
EndGlobal
